
Microsoft Visual Studio Solution File, Format Version 12.00
# Visual Studio 15
VisualStudioVersion = 15.0.28010.2016
MinimumVisualStudioVersion = 10.0.40219.1
Project("{FAE04EC0-301F-11D3-BF4B-00C04F79EFBC}") = "200395872_lab1", "200395872_lab1\200395872_lab1.csproj", "{64B7B967-00FC-476B-AE7D-F01AD8FDD4A9}"
EndProject
Global
	GlobalSection(SolutionConfigurationPlatforms) = preSolution
		Debug|Any CPU = Debug|Any CPU
		Release|Any CPU = Release|Any CPU
	EndGlobalSection
	GlobalSection(ProjectConfigurationPlatforms) = postSolution
		{64B7B967-00FC-476B-AE7D-F01AD8FDD4A9}.Debug|Any CPU.ActiveCfg = Debug|Any CPU
		{64B7B967-00FC-476B-AE7D-F01AD8FDD4A9}.Debug|Any CPU.Build.0 = Debug|Any CPU
		{64B7B967-00FC-476B-AE7D-F01AD8FDD4A9}.Release|Any CPU.ActiveCfg = Release|Any CPU
		{64B7B967-00FC-476B-AE7D-F01AD8FDD4A9}.Release|Any CPU.Build.0 = Release|Any CPU
	EndGlobalSection
	GlobalSection(SolutionProperties) = preSolution
		HideSolutionNode = FALSE
	EndGlobalSection
	GlobalSection(ExtensibilityGlobals) = postSolution
		SolutionGuid = {44AB78D2-1149-4964-940F-FC0C8CFACD9F}
	EndGlobalSection
EndGlobal
